{
  "name": "proyecto-grupal",
  "version": "1.0.0",
  "lockfileVersion": 3,
  "requires": true,
  "packages": {
    "": {
      "name": "proyecto-grupal",
      "version": "1.0.0",
      "license": "ISC",
      "dependencies": {
        "proyecto-grupal": "file:"
      }
    },
    "node_modules/proyecto-grupal": {
      "resolved": "",
      "link": true
    }
  }
}
